
Microsoft Visual Studio Solution File, Format Version 12.00
# Visual Studio Version 17
VisualStudioVersion = 17.11.35303.130
MinimumVisualStudioVersion = 10.0.40219.1
Project("{FAE04EC0-301F-11D3-BF4B-00C04F79EFBC}") = "C_sharp_Lab6", "C_sharp_Lab6\C_sharp_Lab6.csproj", "{ADE79A06-0BF9-42B7-AF55-BE028B336197}"
EndProject
Global
	GlobalSection(SolutionConfigurationPlatforms) = preSolution
		Debug|Any CPU = Debug|Any CPU
		Release|Any CPU = Release|Any CPU
	EndGlobalSection
	GlobalSection(ProjectConfigurationPlatforms) = postSolution
		{ADE79A06-0BF9-42B7-AF55-BE028B336197}.Debug|Any CPU.ActiveCfg = Debug|Any CPU
		{ADE79A06-0BF9-42B7-AF55-BE028B336197}.Debug|Any CPU.Build.0 = Debug|Any CPU
		{ADE79A06-0BF9-42B7-AF55-BE028B336197}.Release|Any CPU.ActiveCfg = Release|Any CPU
		{ADE79A06-0BF9-42B7-AF55-BE028B336197}.Release|Any CPU.Build.0 = Release|Any CPU
	EndGlobalSection
	GlobalSection(SolutionProperties) = preSolution
		HideSolutionNode = FALSE
	EndGlobalSection
	GlobalSection(ExtensibilityGlobals) = postSolution
		SolutionGuid = {C245BF67-22E9-4950-B50D-E1E3AA863F03}
	EndGlobalSection
EndGlobal
